
Microsoft Visual Studio Solution File, Format Version 12.00
# Visual Studio Version 17
VisualStudioVersion = 17.3.32929.385
MinimumVisualStudioVersion = 10.0.40219.1
Project("{9A19103F-16F7-4668-BE54-9A1E7A4F7556}") = "Demon", "Demon.csproj", "{94FF8B36-FF99-462B-9585-6B2B5DE05DB3}"
EndProject
Global
	GlobalSection(SolutionConfigurationPlatforms) = preSolution
		Debug|Any CPU = Debug|Any CPU
		Release|Any CPU = Release|Any CPU
	EndGlobalSection
	GlobalSection(ProjectConfigurationPlatforms) = postSolution
		{94FF8B36-FF99-462B-9585-6B2B5DE05DB3}.Debug|Any CPU.ActiveCfg = Debug|Any CPU
		{94FF8B36-FF99-462B-9585-6B2B5DE05DB3}.Debug|Any CPU.Build.0 = Debug|Any CPU
		{94FF8B36-FF99-462B-9585-6B2B5DE05DB3}.Release|Any CPU.ActiveCfg = Release|Any CPU
		{94FF8B36-FF99-462B-9585-6B2B5DE05DB3}.Release|Any CPU.Build.0 = Release|Any CPU
	EndGlobalSection
	GlobalSection(SolutionProperties) = preSolution
		HideSolutionNode = FALSE
	EndGlobalSection
	GlobalSection(ExtensibilityGlobals) = postSolution
		SolutionGuid = {A20FD0D3-F8BE-4E86-A478-2B7EDD0CEFBE}
	EndGlobalSection
EndGlobal
